# Exact environment sealed by tools/qualify_world_authority.py; no moving tags.
source_sha256=72ddfab0eb35fb5a86ecfd50d4bc939a982ffc1fe3362108036082298a57b777
source_commit=acd0eb9fada60a0d2509de6af8c23ec3df6c28d6
source_path=simulation/offworld_mvp/world_science/lab_v0_1/LOOM_SOLAR_WORLD_SCIENCE_LAB_v0_1.sqlite3
source_bytes=1056768
ddl_sha256=3791cf91332f5c7d979dc2a8a590be4bacf3ba8ec932493f07edf510fb9cffe1
source_schema_sha256=f6157d9e4e936577fc23ffcce3e49046272c93d8f0b4df7dfa2cf8e76833ff09
source_counts_sha256=6228cc1553457b8ffc507d0af20ee0b94d7c887cefadce795db8f5c6e8e600f6
column_dispositions_sha256=6b55fff165668fdb96c44b1a0a255970ea5500c726d46182119b0aff7a01077f
python_version=3.12.3
psycopg_version=3.2.10
libpq_version=170005
psycopg_pq_implementation=binary
postgres_server_version=18.6
postgres_client_version=18.6
pgcrypto_version=1.4
postgres_image_repo_digest=postgres@sha256:5a5a84b19854a9ffaa54082c166ff4ec27473a361e496e5ea167f298f2da9722
postgres_image_id=sha256:5a5a84b19854a9ffaa54082c166ff4ec27473a361e496e5ea167f298f2da9722
